
Microsoft Visual Studio Solution File, Format Version 12.00
# Visual Studio Version 17
VisualStudioVersion = 17.14.36717.8 d17.14
MinimumVisualStudioVersion = 10.0.40219.1
Project("{FAE04EC0-301F-11D3-BF4B-00C04F79EFBC}") = "Medical", "Medical.csproj", "{2CE7035F-E915-4152-A288-5AEF28306D0A}"
EndProject
Global
	GlobalSection(SolutionConfigurationPlatforms) = preSolution
		Debug|Any CPU = Debug|Any CPU
		Release|Any CPU = Release|Any CPU
	EndGlobalSection
	GlobalSection(ProjectConfigurationPlatforms) = postSolution
		{2CE7035F-E915-4152-A288-5AEF28306D0A}.Debug|Any CPU.ActiveCfg = Debug|Any CPU
		{2CE7035F-E915-4152-A288-5AEF28306D0A}.Debug|Any CPU.Build.0 = Debug|Any CPU
		{2CE7035F-E915-4152-A288-5AEF28306D0A}.Release|Any CPU.ActiveCfg = Release|Any CPU
		{2CE7035F-E915-4152-A288-5AEF28306D0A}.Release|Any CPU.Build.0 = Release|Any CPU
	EndGlobalSection
	GlobalSection(SolutionProperties) = preSolution
		HideSolutionNode = FALSE
	EndGlobalSection
	GlobalSection(ExtensibilityGlobals) = postSolution
		SolutionGuid = {A606A3C9-D14E-4638-90EC-3EAA65BE935A}
	EndGlobalSection
EndGlobal
